
Microsoft Visual Studio Solution File, Format Version 12.00
# Visual Studio Express 14 for Web
VisualStudioVersion = 14.0.25420.1
MinimumVisualStudioVersion = 10.0.40219.1
Project("{2150E333-8FDC-42A3-9474-1A3956D46DE8}") = "Solution Items", "Solution Items", "{25055B49-11E5-4760-B663-9782D8648F22}"
	ProjectSection(SolutionItems) = preProject
		D:\我的文档\1102158502\FileRecv\fxq\index.html = D:\我的文档\1102158502\FileRecv\fxq\index.html
	EndProjectSection
EndProject
Project("{2150E333-8FDC-42A3-9474-1A3956D46DE8}") = "css", "css", "{9510B1AA-0AE8-4EAC-A9F2-CE0CA8105502}"
	ProjectSection(SolutionItems) = preProject
		D:\我的文档\1102158502\FileRecv\fxq\css\map.css = D:\我的文档\1102158502\FileRecv\fxq\css\map.css
		D:\我的文档\1102158502\FileRecv\fxq\css\plane.css = D:\我的文档\1102158502\FileRecv\fxq\css\plane.css
		D:\我的文档\1102158502\FileRecv\fxq\css\rotate.css = D:\我的文档\1102158502\FileRecv\fxq\css\rotate.css
	EndProjectSection
EndProject
Project("{2150E333-8FDC-42A3-9474-1A3956D46DE8}") = "js", "js", "{DADDB180-2236-48AE-9EEB-42B9749DF928}"
	ProjectSection(SolutionItems) = preProject
		D:\我的文档\1102158502\FileRecv\fxq\js\jquery-1.10.2.js = D:\我的文档\1102158502\FileRecv\fxq\js\jquery-1.10.2.js
		D:\我的文档\1102158502\FileRecv\fxq\js\map.js = D:\我的文档\1102158502\FileRecv\fxq\js\map.js
		D:\我的文档\1102158502\FileRecv\fxq\js\move.js = D:\我的文档\1102158502\FileRecv\fxq\js\move.js
		D:\我的文档\1102158502\FileRecv\fxq\js\rotate.js = D:\我的文档\1102158502\FileRecv\fxq\js\rotate.js
	EndProjectSection
EndProject
Global
	GlobalSection(SolutionProperties) = preSolution
		HideSolutionNode = FALSE
	EndGlobalSection
	GlobalSection(NestedProjects) = preSolution
		{9510B1AA-0AE8-4EAC-A9F2-CE0CA8105502} = {25055B49-11E5-4760-B663-9782D8648F22}
		{DADDB180-2236-48AE-9EEB-42B9749DF928} = {25055B49-11E5-4760-B663-9782D8648F22}
	EndGlobalSection
EndGlobal
